
Microsoft Visual Studio Solution File, Format Version 12.00
# Visual Studio Version 17
VisualStudioVersion = 17.12.35707.178
MinimumVisualStudioVersion = 10.0.40219.1
Project("{FAE04EC0-301F-11D3-BF4B-00C04F79EFBC}") = "Data", "Data\Data.csproj", "{51DAD772-883E-4756-9F97-4D715CCB593C}"
EndProject
Project("{FAE04EC0-301F-11D3-BF4B-00C04F79EFBC}") = "Repository", "Repository\Repository.csproj", "{D0BE415D-BD2C-4506-A582-34C52A52462D}"
	ProjectSection(ProjectDependencies) = postProject
		{51DAD772-883E-4756-9F97-4D715CCB593C} = {51DAD772-883E-4756-9F97-4D715CCB593C}
	EndProjectSection
EndProject
Project("{FAE04EC0-301F-11D3-BF4B-00C04F79EFBC}") = "Service", "Service\Service.csproj", "{0839F71E-A259-475A-8485-13956A14FD96}"
EndProject
Project("{FAE04EC0-301F-11D3-BF4B-00C04F79EFBC}") = "API", "API\API.csproj", "{00C06E23-39ED-467C-BE3E-9EEB578B4D8C}"
EndProject
Project("{E53339B2-1760-4266-BCC7-CA923CBCF16C}") = "docker-compose", "docker-compose.dcproj", "{EFEA38EE-510A-49B0-88B3-60AF6B5AE494}"
EndProject
Global
	GlobalSection(SolutionConfigurationPlatforms) = preSolution
		Debug|Any CPU = Debug|Any CPU
		Release|Any CPU = Release|Any CPU
	EndGlobalSection
	GlobalSection(ProjectConfigurationPlatforms) = postSolution
		{51DAD772-883E-4756-9F97-4D715CCB593C}.Debug|Any CPU.ActiveCfg = Debug|Any CPU
		{51DAD772-883E-4756-9F97-4D715CCB593C}.Debug|Any CPU.Build.0 = Debug|Any CPU
		{51DAD772-883E-4756-9F97-4D715CCB593C}.Release|Any CPU.ActiveCfg = Release|Any CPU
		{51DAD772-883E-4756-9F97-4D715CCB593C}.Release|Any CPU.Build.0 = Release|Any CPU
		{D0BE415D-BD2C-4506-A582-34C52A52462D}.Debug|Any CPU.ActiveCfg = Debug|Any CPU
		{D0BE415D-BD2C-4506-A582-34C52A52462D}.Debug|Any CPU.Build.0 = Debug|Any CPU
		{D0BE415D-BD2C-4506-A582-34C52A52462D}.Release|Any CPU.ActiveCfg = Release|Any CPU
		{D0BE415D-BD2C-4506-A582-34C52A52462D}.Release|Any CPU.Build.0 = Release|Any CPU
		{0839F71E-A259-475A-8485-13956A14FD96}.Debug|Any CPU.ActiveCfg = Debug|Any CPU
		{0839F71E-A259-475A-8485-13956A14FD96}.Debug|Any CPU.Build.0 = Debug|Any CPU
		{0839F71E-A259-475A-8485-13956A14FD96}.Release|Any CPU.ActiveCfg = Release|Any CPU
		{0839F71E-A259-475A-8485-13956A14FD96}.Release|Any CPU.Build.0 = Release|Any CPU
		{00C06E23-39ED-467C-BE3E-9EEB578B4D8C}.Debug|Any CPU.ActiveCfg = Debug|Any CPU
		{00C06E23-39ED-467C-BE3E-9EEB578B4D8C}.Debug|Any CPU.Build.0 = Debug|Any CPU
		{00C06E23-39ED-467C-BE3E-9EEB578B4D8C}.Release|Any CPU.ActiveCfg = Release|Any CPU
		{00C06E23-39ED-467C-BE3E-9EEB578B4D8C}.Release|Any CPU.Build.0 = Release|Any CPU
		{EFEA38EE-510A-49B0-88B3-60AF6B5AE494}.Debug|Any CPU.ActiveCfg = Debug|Any CPU
		{EFEA38EE-510A-49B0-88B3-60AF6B5AE494}.Debug|Any CPU.Build.0 = Debug|Any CPU
		{EFEA38EE-510A-49B0-88B3-60AF6B5AE494}.Release|Any CPU.ActiveCfg = Release|Any CPU
		{EFEA38EE-510A-49B0-88B3-60AF6B5AE494}.Release|Any CPU.Build.0 = Release|Any CPU
	EndGlobalSection
	GlobalSection(SolutionProperties) = preSolution
		HideSolutionNode = FALSE
	EndGlobalSection
EndGlobal
